
Microsoft Visual Studio Solution File, Format Version 12.00
# Visual Studio Version 16
VisualStudioVersion = 16.0.31702.278
MinimumVisualStudioVersion = 10.0.40219.1
Project("{FAE04EC0-301F-11D3-BF4B-00C04F79EFBC}") = "Practice__2", "Practice__2\Practice__2.csproj", "{4F38B617-F143-4005-B1D7-7083DA3FB168}"
EndProject
Project("{FAE04EC0-301F-11D3-BF4B-00C04F79EFBC}") = "LibMas", "LibMas\LibMas.csproj", "{4DB66B5F-AC7F-41BF-88FF-9C77BBE91F55}"
EndProject
Project("{FAE04EC0-301F-11D3-BF4B-00C04F79EFBC}") = "Lib_13", "Lib_13\Lib_13.csproj", "{733435A8-8F19-4492-BFE5-75AEF9CB43F5}"
EndProject
Global
	GlobalSection(SolutionConfigurationPlatforms) = preSolution
		Debug|Any CPU = Debug|Any CPU
		Release|Any CPU = Release|Any CPU
	EndGlobalSection
	GlobalSection(ProjectConfigurationPlatforms) = postSolution
		{4F38B617-F143-4005-B1D7-7083DA3FB168}.Debug|Any CPU.ActiveCfg = Debug|Any CPU
		{4F38B617-F143-4005-B1D7-7083DA3FB168}.Debug|Any CPU.Build.0 = Debug|Any CPU
		{4F38B617-F143-4005-B1D7-7083DA3FB168}.Release|Any CPU.ActiveCfg = Release|Any CPU
		{4F38B617-F143-4005-B1D7-7083DA3FB168}.Release|Any CPU.Build.0 = Release|Any CPU
		{4DB66B5F-AC7F-41BF-88FF-9C77BBE91F55}.Debug|Any CPU.ActiveCfg = Debug|Any CPU
		{4DB66B5F-AC7F-41BF-88FF-9C77BBE91F55}.Debug|Any CPU.Build.0 = Debug|Any CPU
		{4DB66B5F-AC7F-41BF-88FF-9C77BBE91F55}.Release|Any CPU.ActiveCfg = Release|Any CPU
		{4DB66B5F-AC7F-41BF-88FF-9C77BBE91F55}.Release|Any CPU.Build.0 = Release|Any CPU
		{733435A8-8F19-4492-BFE5-75AEF9CB43F5}.Debug|Any CPU.ActiveCfg = Debug|Any CPU
		{733435A8-8F19-4492-BFE5-75AEF9CB43F5}.Debug|Any CPU.Build.0 = Debug|Any CPU
		{733435A8-8F19-4492-BFE5-75AEF9CB43F5}.Release|Any CPU.ActiveCfg = Release|Any CPU
		{733435A8-8F19-4492-BFE5-75AEF9CB43F5}.Release|Any CPU.Build.0 = Release|Any CPU
	EndGlobalSection
	GlobalSection(SolutionProperties) = preSolution
		HideSolutionNode = FALSE
	EndGlobalSection
	GlobalSection(ExtensibilityGlobals) = postSolution
		SolutionGuid = {B639B577-B107-4AEE-84EF-AA4F94FC10DF}
	EndGlobalSection
EndGlobal
